{
  "version": "3",
  "packages": {
    "specifiers": {
      "jsr:@std/assert@1": "jsr:@std/assert@1.0.3",
      "jsr:@std/internal@^1.0.2": "jsr:@std/internal@1.0.2",
      "npm:ajv": "npm:ajv@8.17.1",
      "npm:ajv-formats": "npm:ajv-formats@3.0.1_ajv@8.17.1",
      "npm:ajv-formats-draft2019": "npm:ajv-formats-draft2019@1.6.1_ajv@8.17.1",
      "npm:debug": "npm:debug@4.3.6"
    },
    "jsr": {
      "@std/assert@1.0.3": {
        "integrity": "b0d03ce1ced880df67132eea140623010d415848df66f6aa5df76507ca7c26d8",
        "dependencies": [
          "jsr:@std/internal@^1.0.2"
        ]
      },
      "@std/internal@1.0.2": {
        "integrity": "f4cabe2021352e8bfc24e6569700df87bf070914fc38d4b23eddd20108ac4495"
      }
    },
    "npm": {
      "ajv-formats-draft2019@1.6.1_ajv@8.17.1": {
        "integrity": "sha512-JQPvavpkWDvIsBp2Z33UkYCtXCSpW4HD3tAZ+oL4iEFOk9obQZffx0yANwECt6vzr6ET+7HN5czRyqXbnq/u0Q==",
        "dependencies": {
          "ajv": "ajv@8.17.1",
          "punycode": "punycode@2.3.1",
          "schemes": "schemes@1.4.0",
          "smtp-address-parser": "smtp-address-parser@1.1.0",
          "uri-js": "uri-js@4.4.1"
        }
      },
      "ajv-formats@3.0.1_ajv@8.17.1": {
        "integrity": "sha512-8iUql50EUR+uUcdRQ3HDqa6EVyo3docL8g5WJ3FNcWmu62IbkGUue/pEyLBW8VGKKucTPgqeks4fIU1DA4yowQ==",
        "dependencies": {
          "ajv": "ajv@8.17.1"
        }
      },
      "ajv@8.17.1": {
        "integrity": "sha512-B/gBuNg5SiMTrPkC+A2+cW0RszwxYmn6VYxB/inlBStS5nx6xHIt/ehKRhIMhqusl7a8LjQoZnjCs5vhwxOQ1g==",
        "dependencies": {
          "fast-deep-equal": "fast-deep-equal@3.1.3",
          "fast-uri": "fast-uri@3.0.1",
          "json-schema-traverse": "json-schema-traverse@1.0.0",
          "require-from-string": "require-from-string@2.0.2"
        }
      },
      "commander@2.20.3": {
        "integrity": "sha512-GpVkmM8vF2vQUkj2LvZmD35JxeJOLCwJ9cUkugyk2nuhbv3+mJvpLYYt+0+USMxE+oj+ey/lJEnhZw75x/OMcQ==",
        "dependencies": {}
      },
      "debug@4.3.6": {
        "integrity": "sha512-O/09Bd4Z1fBrU4VzkhFqVgpPzaGbw6Sm9FEkBT1A/YBXQFGuuSxa1dN2nxgxS34JmKXqYx8CZAwEVoJFImUXIg==",
        "dependencies": {
          "ms": "ms@2.1.2"
        }
      },
      "discontinuous-range@1.0.0": {
        "integrity": "sha512-c68LpLbO+7kP/b1Hr1qs8/BJ09F5khZGTxqxZuhzxpmwJKOgRFHJWIb9/KmqnqHhLdO55aOxFH/EGBvUQbL/RQ==",
        "dependencies": {}
      },
      "extend@3.0.2": {
        "integrity": "sha512-fjquC59cD7CyW6urNXK0FBufkZcoiGG80wTuPujX590cB5Ttln20E2UB4S/WARVqhXffZl2LNgS+gQdPIIim/g==",
        "dependencies": {}
      },
      "fast-deep-equal@3.1.3": {
        "integrity": "sha512-f3qQ9oQy9j2AhBe/H9VC91wLmKBCCU/gDOnKNAYG5hswO7BLKj09Hc5HYNz9cGI++xlpDCIgDaitVs03ATR84Q==",
        "dependencies": {}
      },
      "fast-uri@3.0.1": {
        "integrity": "sha512-MWipKbbYiYI0UC7cl8m/i/IWTqfC8YXsqjzybjddLsFjStroQzsHXkc73JutMvBiXmOvapk+axIl79ig5t55Bw==",
        "dependencies": {}
      },
      "json-schema-traverse@1.0.0": {
        "integrity": "sha512-NM8/P9n3XjXhIZn1lLhkFaACTOURQXjWhV4BA/RnOv8xvgqtqpAX9IO4mRQxSx1Rlo4tqzeqb0sOlruaOy3dug==",
        "dependencies": {}
      },
      "moo@0.5.2": {
        "integrity": "sha512-iSAJLHYKnX41mKcJKjqvnAN9sf0LMDTXDEvFv+ffuRR9a1MIuXLjMNL6EsnDHSkKLTWNqQQ5uo61P4EbU4NU+Q==",
        "dependencies": {}
      },
      "ms@2.1.2": {
        "integrity": "sha512-sGkPx+VjMtmA6MX27oA4FBFELFCZZ4S4XqeGOXCv68tT+jb3vk/RyaKWP0PTKyWtmLSM0b+adUTEvbs1PEaH2w==",
        "dependencies": {}
      },
      "nearley@2.20.1": {
        "integrity": "sha512-+Mc8UaAebFzgV+KpI5n7DasuuQCHA89dmwm7JXw3TV43ukfNQ9DnBH3Mdb2g/I4Fdxc26pwimBWvjIw0UAILSQ==",
        "dependencies": {
          "commander": "commander@2.20.3",
          "moo": "moo@0.5.2",
          "railroad-diagrams": "railroad-diagrams@1.0.0",
          "randexp": "randexp@0.4.6"
        }
      },
      "punycode@2.3.1": {
        "integrity": "sha512-vYt7UD1U9Wg6138shLtLOvdAu+8DsC/ilFtEVHcH+wydcSpNE20AfSOduf6MkRFahL5FY7X1oU7nKVZFtfq8Fg==",
        "dependencies": {}
      },
      "railroad-diagrams@1.0.0": {
        "integrity": "sha512-cz93DjNeLY0idrCNOH6PviZGRN9GJhsdm9hpn1YCS879fj4W+x5IFJhhkRZcwVgMmFF7R82UA/7Oh+R8lLZg6A==",
        "dependencies": {}
      },
      "randexp@0.4.6": {
        "integrity": "sha512-80WNmd9DA0tmZrw9qQa62GPPWfuXJknrmVmLcxvq4uZBdYqb1wYoKTmnlGUchvVWe0XiLupYkBoXVOxz3C8DYQ==",
        "dependencies": {
          "discontinuous-range": "discontinuous-range@1.0.0",
          "ret": "ret@0.1.15"
        }
      },
      "require-from-string@2.0.2": {
        "integrity": "sha512-Xf0nWe6RseziFMu+Ap9biiUbmplq6S9/p+7w7YXP/JBHhrUDDUhwa+vANyubuqfZWTveU//DYVGsDG7RKL/vEw==",
        "dependencies": {}
      },
      "ret@0.1.15": {
        "integrity": "sha512-TTlYpa+OL+vMMNG24xSlQGEJ3B/RzEfUlLct7b5G/ytav+wPrplCpVMFuwzXbkecJrb6IYo1iFb0S9v37754mg==",
        "dependencies": {}
      },
      "schemes@1.4.0": {
        "integrity": "sha512-ImFy9FbCsQlVgnE3TCWmLPCFnVzx0lHL/l+umHplDqAKd0dzFpnS6lFZIpagBlYhKwzVmlV36ec0Y1XTu8JBAQ==",
        "dependencies": {
          "extend": "extend@3.0.2"
        }
      },
      "smtp-address-parser@1.1.0": {
        "integrity": "sha512-Gz11jbNU0plrReU9Sj7fmshSBxxJ9ShdD2q4ktHIHo/rpTH6lFyQoYHYKINPJtPe8aHFnsbtW46Ls0tCCBsIZg==",
        "dependencies": {
          "nearley": "nearley@2.20.1"
        }
      },
      "uri-js@4.4.1": {
        "integrity": "sha512-7rKUyy33Q1yc98pQ1DAmLtwX109F7TIfWlW1Ydo8Wl1ii1SeHieeh0HHfPeL2fMXK6z0s8ecKs9frCuLJvndBg==",
        "dependencies": {
          "punycode": "punycode@2.3.1"
        }
      }
    }
  },
  "remote": {},
  "workspace": {
    "dependencies": [
      "npm:@types/node@^22.5.0",
      "npm:ajv-formats-draft2019@^1.6.1",
      "npm:ajv-formats@^2.1.1",
      "npm:ajv@^8.12.0",
      "npm:debug@^4.3.4"
    ]
  }
}
