# THIS IS AN AUTOGENERATED FILE. DO NOT EDIT THIS FILE DIRECTLY.
# yarn lockfile v1


"@babel/parser@^7.9.4":
  version "7.20.5"
  resolved "https://registry.yarnpkg.com/@babel/parser/-/parser-7.20.5.tgz#7f3c7335fe417665d929f34ae5dceae4c04015e8"
  integrity sha512-r27t/cy/m9uKLXQNWWebeCUHgnAZq0CpG1OwKRxzJMP1vpSU4bSIK2hq+/cp0bQxetkXx38n09rNu8jVkcK/zA==

"@jsdoc/salty@^0.2.1":
  version "0.2.1"
  resolved "https://registry.yarnpkg.com/@jsdoc/salty/-/salty-0.2.1.tgz#815c487c859eca81ad3dfea540f830e1ff9d3392"
  integrity sha512-JXwylDNSHa549N9uceDYu8D4GMXwSo3H8CCPYEQqxhhHpxD28+lRl2b3bS/caaPj5w1YD3SWtrficJNTnUjGpg==
  dependencies:
    lodash "^4.17.21"

"@types/linkify-it@*":
  version "3.0.2"
  resolved "https://registry.yarnpkg.com/@types/linkify-it/-/linkify-it-3.0.2.tgz#fd2cd2edbaa7eaac7e7f3c1748b52a19143846c9"
  integrity sha512-HZQYqbiFVWufzCwexrvh694SOim8z2d+xJl5UNamcvQFejLY/2YUtzXHYi3cHdI7PMlS8ejH2slRAOJQ32aNbA==

"@types/markdown-it@^12.2.3":
  version "12.2.3"
  resolved "https://registry.yarnpkg.com/@types/markdown-it/-/markdown-it-12.2.3.tgz#0d6f6e5e413f8daaa26522904597be3d6cd93b51"
  integrity sha512-GKMHFfv3458yYy+v/N8gjufHO6MSZKCOXpZc5GXIWWy8uldwfmPn98vp81gZ5f9SVw8YYBctgfJ22a2d7AOMeQ==
  dependencies:
    "@types/linkify-it" "*"
    "@types/mdurl" "*"

"@types/mdurl@*":
  version "1.0.2"
  resolved "https://registry.yarnpkg.com/@types/mdurl/-/mdurl-1.0.2.tgz#e2ce9d83a613bacf284c7be7d491945e39e1f8e9"
  integrity sha512-eC4U9MlIcu2q0KQmXszyn5Akca/0jrQmwDRgpAMJai7qBWq4amIQhZyNau4VYGtCeALvW1/NtjzJJ567aZxfKA==

addressparser@^1.0.1:
  version "1.0.1"
  resolved "https://registry.yarnpkg.com/addressparser/-/addressparser-1.0.1.tgz#47afbe1a2a9262191db6838e4fd1d39b40821746"
  integrity sha512-aQX7AISOMM7HFE0iZ3+YnD07oIeJqWGVnJ+ZIKaBZAk03ftmVYVqsGas/rbXKR21n4D/hKCSHypvcyOkds/xzg==

ajv@^6.12.3:
  version "6.12.6"
  resolved "https://registry.yarnpkg.com/ajv/-/ajv-6.12.6.tgz#baf5a62e802b07d977034586f8c3baf5adf26df4"
  integrity sha512-j3fVLgvTo527anyYyJOGTYJbG+vnnQYvE0m5mmkc1TK+nxAppkCLMIL0aZ4dblVCNoGShhm+kzE4ZUykBoMg4g==
  dependencies:
    fast-deep-equal "^3.1.1"
    fast-json-stable-stringify "^2.0.0"
    json-schema-traverse "^0.4.1"
    uri-js "^4.2.2"

ansi-escape-sequences@^4.0.0:
  version "4.1.0"
  resolved "https://registry.yarnpkg.com/ansi-escape-sequences/-/ansi-escape-sequences-4.1.0.tgz#2483c8773f50dd9174dd9557e92b1718f1816097"
  integrity sha512-dzW9kHxH011uBsidTXd14JXgzye/YLb2LzeKZ4bsgl/Knwx8AtbSFkkGxagdNOoh0DlqHCmfiEjWKBaqjOanVw==
  dependencies:
    array-back "^3.0.1"

argparse@^2.0.1:
  version "2.0.1"
  resolved "https://registry.yarnpkg.com/argparse/-/argparse-2.0.1.tgz#246f50f3ca78a3240f6c997e8a9bd1eac49e4b38"
  integrity sha512-8+9WqebbFzpX9OR+Wa6O29asIogeRMzcGtAINdpMHHyAg10f05aSFVBbcEqGf/PXw1EjAZ+q2/bEBg3DvurK3Q==

array-back@^1.0.2, array-back@^1.0.3:
  version "1.0.4"
  resolved "https://registry.yarnpkg.com/array-back/-/array-back-1.0.4.tgz#644ba7f095f7ffcf7c43b5f0dc39d3c1f03c063b"
  integrity sha512-1WxbZvrmyhkNoeYcizokbmh5oiOCIfyvGtcqbK3Ls1v1fKcquzxnQSceOx6tzq7jmai2kFLWIpGND2cLhH6TPw==
  dependencies:
    typical "^2.6.0"

array-back@^2.0.0:
  version "2.0.0"
  resolved "https://registry.yarnpkg.com/array-back/-/array-back-2.0.0.tgz#6877471d51ecc9c9bfa6136fb6c7d5fe69748022"
  integrity sha512-eJv4pLLufP3g5kcZry0j6WXpIbzYw9GUB4mVJZno9wfwiBxbizTnHCw3VJb07cBihbFX48Y7oSrW9y+gt4glyw==
  dependencies:
    typical "^2.6.1"

array-back@^3.0.1, array-back@^3.1.0:
  version "3.1.0"
  resolved "https://registry.yarnpkg.com/array-back/-/array-back-3.1.0.tgz#b8859d7a508871c9a7b2cf42f99428f65e96bfb0"
  integrity sha512-TkuxA4UCOvxuDK6NZYXCalszEzj+TLszyASooky+i742l9TqsOdYCMJJupxRic61hwquNtppB3hgcuq9SVSH1Q==

array-back@^4.0.1:
  version "4.0.2"
  resolved "https://registry.yarnpkg.com/array-back/-/array-back-4.0.2.tgz#8004e999a6274586beeb27342168652fdb89fa1e"
  integrity sha512-NbdMezxqf94cnNfWLL7V/im0Ub+Anbb0IoZhvzie8+4HJ4nMQuzHuy49FkGYCJK2yAloZ3meiB6AVMClbrI1vg==

array-back@^5.0.0:
  version "5.0.0"
  resolved "https://registry.yarnpkg.com/array-back/-/array-back-5.0.0.tgz#e196609edcec48376236d163958df76e659a0d36"
  integrity sha512-kgVWwJReZWmVuWOQKEOohXKJX+nD02JAZ54D1RRWlv8L0NebauKAaFxACKzB74RTclt1+WNz5KHaLRDAPZbDEw==

array-back@^6.2.2:
  version "6.2.2"
  resolved "https://registry.yarnpkg.com/array-back/-/array-back-6.2.2.tgz#f567d99e9af88a6d3d2f9dfcc21db6f9ba9fd157"
  integrity sha512-gUAZ7HPyb4SJczXAMUXMGAvI976JoK3qEx9v1FTmeYuJj0IBiaKttG1ydtGKdkfqWkIkouke7nG8ufGy77+Cvw==

array-indexofobject@~0.0.1:
  version "0.0.1"
  resolved "https://registry.yarnpkg.com/array-indexofobject/-/array-indexofobject-0.0.1.tgz#aaa128e62c9b3c358094568c219ff64fe489d42a"
  integrity sha512-tpdPBIBm4TMNxSp8O3pZgC7mF4+wn9SmJlhE+7bi5so6x39PvzUqChQMbv93R5ilYGZ1HV+Neki4IH/i+87AoQ==

asn1@~0.2.3:
  version "0.2.6"
  resolved "https://registry.yarnpkg.com/asn1/-/asn1-0.2.6.tgz#0d3a7bb6e64e02a90c0303b31f292868ea09a08d"
  integrity sha512-ix/FxPn0MDjeyJ7i/yoHGFt/EX6LyNbxSEhPPXODPL+KB0VPk86UYfL0lMdy+KCnv+fmvIzySwaK5COwqVbWTQ==
  dependencies:
    safer-buffer "~2.1.0"

assert-plus@1.0.0, assert-plus@^1.0.0:
  version "1.0.0"
  resolved "https://registry.yarnpkg.com/assert-plus/-/assert-plus-1.0.0.tgz#f12e0f3c5d77b0b1cdd9146942e4e96c1e4dd525"
  integrity sha512-NfJ4UzBCcQGLDlQq7nHxH+tv3kyZ0hHQqF5BO6J7tNJeP5do1llPr8dZ8zHonfhAu0PHAdMkSo+8o0wxg9lZWw==

asynckit@^0.4.0:
  version "0.4.0"
  resolved "https://registry.yarnpkg.com/asynckit/-/asynckit-0.4.0.tgz#c79ed97f7f34cb8f2ba1bc9790bcc366474b4b79"
  integrity sha512-Oei9OH4tRh0YqU3GxhX79dM/mwVgvbZJaSNaRk+bshkj0S5cfHcgYakreBjrHwatXKbz+IoIdYLxrKim2MjW0Q==

aws-sign2@~0.7.0:
  version "0.7.0"
  resolved "https://registry.yarnpkg.com/aws-sign2/-/aws-sign2-0.7.0.tgz#b46e890934a9591f2d2f6f86d7e6a9f1b3fe76a8"
  integrity sha512-08kcGqnYf/YmjoRhfxyu+CLxBjUtHLXLXX/vUfx9l2LYzG3c1m61nrpyFUZI6zeS+Li/wWMMidD9KgrqtGq3mA==

aws4@^1.8.0:
  version "1.11.0"
  resolved "https://registry.yarnpkg.com/aws4/-/aws4-1.11.0.tgz#d61f46d83b2519250e2784daf5b09479a8b41c59"
  integrity sha512-xh1Rl34h6Fi1DC2WWKfxUTVqRsNnr6LsKz2+hfwDxQJWmrx8+c7ylaqBMcHfl1U1r2dsifOvKX3LQuLNZ+XSvA==

balanced-match@^1.0.0:
  version "1.0.2"
  resolved "https://registry.yarnpkg.com/balanced-match/-/balanced-match-1.0.2.tgz#e83e3a7e3f300b34cb9d87f615fa0cbf357690ee"
  integrity sha512-3oSeUO0TMV67hN1AmbXsK4yaqU7tjiHlbxRDZOpH0KW9+CeX4bRAaX0Anxt0tx2MrpRpWwQaPwIlISEJhYU5Pw==

bcrypt-pbkdf@^1.0.0:
  version "1.0.2"
  resolved "https://registry.yarnpkg.com/bcrypt-pbkdf/-/bcrypt-pbkdf-1.0.2.tgz#a4301d389b6a43f9b67ff3ca11a3f6637e360e9e"
  integrity sha512-qeFIXtP4MSoi6NLqO12WfqARWWuCKi2Rn/9hJLEmtB5yTNr9DqFWkJRCf2qShWzPeAMRnOgCrq0sg/KLv5ES9w==
  dependencies:
    tweetnacl "^0.14.3"

bluebird@^3.7.2:
  version "3.7.2"
  resolved "https://registry.yarnpkg.com/bluebird/-/bluebird-3.7.2.tgz#9f229c15be272454ffa973ace0dbee79a1b0c36f"
  integrity sha512-XpNj6GDQzdfW+r2Wnn7xiSAd7TM3jzkxGXBGTtWKuSXv1xUV+azxAm8jdWZN06QTQk+2N2XB9jRDkvbmQmcRtg==

brace-expansion@^1.1.7:
  version "1.1.11"
  resolved "https://registry.yarnpkg.com/brace-expansion/-/brace-expansion-1.1.11.tgz#3c7fcbf529d87226f3d2f52b966ff5271eb441dd"
  integrity sha512-iCuPHDFgrHX7H2vEI/5xpz07zSHB00TpugqhmYtVmMO6518mCuRMoOYFldEBl0g187ufozdaHgWKcYFb61qGiA==
  dependencies:
    balanced-match "^1.0.0"
    concat-map "0.0.1"

cache-point@^2.0.0:
  version "2.0.0"
  resolved "https://registry.yarnpkg.com/cache-point/-/cache-point-2.0.0.tgz#91e03c38da9cfba9d95ac6a34d24cfe6eff8920f"
  integrity sha512-4gkeHlFpSKgm3vm2gJN5sPqfmijYRFYCQ6tv5cLw0xVmT6r1z1vd4FNnpuOREco3cBs1G709sZ72LdgddKvL5w==
  dependencies:
    array-back "^4.0.1"
    fs-then-native "^2.0.0"
    mkdirp2 "^1.0.4"

caseless@~0.12.0:
  version "0.12.0"
  resolved "https://registry.yarnpkg.com/caseless/-/caseless-0.12.0.tgz#1b681c21ff84033c826543090689420d187151dc"
  integrity sha512-4tYFyifaFfGacoiObjJegolkwSU4xQNGbVgUiNYVUxbQ2x2lUsFvY4hVgVzGiIe6WLOPqycWXA40l+PWsxthUw==

catharsis@^0.9.0:
  version "0.9.0"
  resolved "https://registry.yarnpkg.com/catharsis/-/catharsis-0.9.0.tgz#40382a168be0e6da308c277d3a2b3eb40c7d2121"
  integrity sha512-prMTQVpcns/tzFgFVkVp6ak6RykZyWb3gu8ckUpd6YkTlacOd3DXGJjIpD4Q6zJirizvaiAjSSHlOsA+6sNh2A==
  dependencies:
    lodash "^4.17.15"

collect-all@^1.0.4:
  version "1.0.4"
  resolved "https://registry.yarnpkg.com/collect-all/-/collect-all-1.0.4.tgz#50cd7119ac24b8e12a661f0f8c3aa0ea7222ddfc"
  integrity sha512-RKZhRwJtJEP5FWul+gkSMEnaK6H3AGPTTWOiRimCcs+rc/OmQE3Yhy1Q7A7KsdkG3ZXVdZq68Y6ONSdvkeEcKA==
  dependencies:
    stream-connect "^1.0.2"
    stream-via "^1.0.4"

combined-stream@^1.0.6, combined-stream@~1.0.6:
  version "1.0.8"
  resolved "https://registry.yarnpkg.com/combined-stream/-/combined-stream-1.0.8.tgz#c3d45a8b34fd730631a110a8a2520682b31d5a7f"
  integrity sha512-FQN4MRfuJeHf7cBbBMJFXhKSDq+2kAArBlmRBvcvFE5BB1HZKXtSFASDhdlz9zOYwxh8lDdnvmMOe/+5cdoEdg==
  dependencies:
    delayed-stream "~1.0.0"

command-line-args@^5.0.0:
  version "5.2.1"
  resolved "https://registry.yarnpkg.com/command-line-args/-/command-line-args-5.2.1.tgz#c44c32e437a57d7c51157696893c5909e9cec42e"
  integrity sha512-H4UfQhZyakIjC74I9d34fGYDwk3XpSr17QhEd0Q3I9Xq1CETHo4Hcuo87WyWHpAF1aSLjLRf5lD9ZGX2qStUvg==
  dependencies:
    array-back "^3.1.0"
    find-replace "^3.0.0"
    lodash.camelcase "^4.3.0"
    typical "^4.0.0"

command-line-tool@^0.8.0:
  version "0.8.0"
  resolved "https://registry.yarnpkg.com/command-line-tool/-/command-line-tool-0.8.0.tgz#b00290ef1dfc11cc731dd1f43a92cfa5f21e715b"
  integrity sha512-Xw18HVx/QzQV3Sc5k1vy3kgtOeGmsKIqwtFFoyjI4bbcpSgnw2CWVULvtakyw4s6fhyAdI6soQQhXc2OzJy62g==
  dependencies:
    ansi-escape-sequences "^4.0.0"
    array-back "^2.0.0"
    command-line-args "^5.0.0"
    command-line-usage "^4.1.0"
    typical "^2.6.1"

command-line-usage@^4.1.0:
  version "4.1.0"
  resolved "https://registry.yarnpkg.com/command-line-usage/-/command-line-usage-4.1.0.tgz#a6b3b2e2703b4dcf8bd46ae19e118a9a52972882"
  integrity sha512-MxS8Ad995KpdAC0Jopo/ovGIroV/m0KHwzKfXxKag6FHOkGsH8/lv5yjgablcRxCJJC0oJeUMuO/gmaq+Wq46g==
  dependencies:
    ansi-escape-sequences "^4.0.0"
    array-back "^2.0.0"
    table-layout "^0.4.2"
    typical "^2.6.1"

common-sequence@^2.0.2:
  version "2.0.2"
  resolved "https://registry.yarnpkg.com/common-sequence/-/common-sequence-2.0.2.tgz#accc76bdc5876a1fcd92b73484d4285fff99d838"
  integrity sha512-jAg09gkdkrDO9EWTdXfv80WWH3yeZl5oT69fGfedBNS9pXUKYInVJ1bJ+/ht2+Moeei48TmSbQDYMc8EOx9G0g==

concat-map@0.0.1:
  version "0.0.1"
  resolved "https://registry.yarnpkg.com/concat-map/-/concat-map-0.0.1.tgz#d8a96bd77fd68df7793a73036a3ba0d5405d477b"
  integrity sha512-/Srv4dswyQNBfohGpz9o6Yb3Gz3SrUDqBH5rTuhGR7ahtlbYKnVxw2bCFMRljaA7EXHaXZ8wsHdodFvbkhKmqg==

config-master@^3.1.0:
  version "3.1.0"
  resolved "https://registry.yarnpkg.com/config-master/-/config-master-3.1.0.tgz#667663590505a283bf26a484d68489d74c5485da"
  integrity sha512-n7LBL1zBzYdTpF1mx5DNcZnZn05CWIdsdvtPL4MosvqbBUK3Rq6VWEtGUuF3Y0s9/CIhMejezqlSkP6TnCJ/9g==
  dependencies:
    walk-back "^2.0.1"

core-util-is@1.0.2:
  version "1.0.2"
  resolved "https://registry.yarnpkg.com/core-util-is/-/core-util-is-1.0.2.tgz#b5fd54220aa2bc5ab57aab7140c940754503c1a7"
  integrity sha512-3lqz5YjWTYnW6dlDa5TLaTCcShfar1e40rmcJVwCBJC6mWlFuj0eCHIElmG1g5kyuJ/GD+8Wn4FFCcz4gJPfaQ==

core-util-is@~1.0.0:
  version "1.0.3"
  resolved "https://registry.yarnpkg.com/core-util-is/-/core-util-is-1.0.3.tgz#a6042d3634c2b27e9328f837b965fac83808db85"
  integrity sha512-ZQBvi1DcpJ4GDqanjucZ2Hj3wEO5pZDS89BWbkcrvdxksJorwUDDZamX9ldFkp9aw2lmBDLgkObEA4DWNJ9FYQ==

dashdash@^1.12.0:
  version "1.14.1"
  resolved "https://registry.yarnpkg.com/dashdash/-/dashdash-1.14.1.tgz#853cfa0f7cbe2fed5de20326b8dd581035f6e2f0"
  integrity sha512-jRFi8UDGo6j+odZiEpjazZaWqEal3w/basFjQHQEwVtZJGDpxbH1MeYluwCS8Xq5wmLJooDlMgvVarmWfGM44g==
  dependencies:
    assert-plus "^1.0.0"

deep-extend@~0.6.0:
  version "0.6.0"
  resolved "https://registry.yarnpkg.com/deep-extend/-/deep-extend-0.6.0.tgz#c4fa7c95404a17a9c3e8ca7e1537312b736330ac"
  integrity sha512-LOHxIOaPYdHlJRtCQfDIVZtfw/ufM8+rVj649RIHzcm/vGwQRXFt6OPqIFWsm2XEMrNIEtWR64sY1LEKD2vAOA==

delayed-stream@~1.0.0:
  version "1.0.0"
  resolved "https://registry.yarnpkg.com/delayed-stream/-/delayed-stream-1.0.0.tgz#df3ae199acadfb7d440aaae0b29e2272b24ec619"
  integrity sha512-ZySD7Nf91aLB0RxL4KGrKHBXl7Eds1DAmEdcoVawXnLD7SDhpNgtuII2aAkg7a7QS41jxPSZ17p4VdGnMHk3MQ==

dmd@^6.1.0:
  version "6.2.0"
  resolved "https://registry.yarnpkg.com/dmd/-/dmd-6.2.0.tgz#d267a9fb1ce62b74edca8bf5bcbd3b8e08574fe7"
  integrity sha512-uXWxLF1H7TkUAuoHK59/h/ts5cKavm2LnhrIgJWisip4BVzPoXavlwyoprFFn2CzcahKYgvkfaebS6oxzgflkg==
  dependencies:
    array-back "^6.2.2"
    cache-point "^2.0.0"
    common-sequence "^2.0.2"
    file-set "^4.0.2"
    handlebars "^4.7.7"
    marked "^4.2.3"
    object-get "^2.1.1"
    reduce-flatten "^3.0.1"
    reduce-unique "^2.0.1"
    reduce-without "^1.0.1"
    test-value "^3.0.0"
    walk-back "^5.1.0"

ecc-jsbn@~0.1.1:
  version "0.1.2"
  resolved "https://registry.yarnpkg.com/ecc-jsbn/-/ecc-jsbn-0.1.2.tgz#3a83a904e54353287874c564b7549386849a98c9"
  integrity sha512-eh9O+hwRHNbG4BLTjEl3nw044CkGm5X6LoaCf7LPp7UU8Qrt47JYNi6nPX8xjW97TKGKm1ouctg0QSpZe9qrnw==
  dependencies:
    jsbn "~0.1.0"
    safer-buffer "^2.1.0"

entities@~2.1.0:
  version "2.1.0"
  resolved "https://registry.yarnpkg.com/entities/-/entities-2.1.0.tgz#992d3129cf7df6870b96c57858c249a120f8b8b5"
  integrity sha512-hCx1oky9PFrJ611mf0ifBLBRW8lUUVRlFolb5gWRfIELabBlbp9xZvrqZLZAs+NxFnbfQoeGd8wDkygjg7U85w==

escape-string-regexp@^2.0.0:
  version "2.0.0"
  resolved "https://registry.yarnpkg.com/escape-string-regexp/-/escape-string-regexp-2.0.0.tgz#a30304e99daa32e23b2fd20f51babd07cffca344"
  integrity sha512-UpzcLCXolUWcNu5HtVMHYdXJjArjsF9C0aNnquZYY4uW/Vu0miy5YoWvbV345HauVvcAUnpRuhMMcqTcGOY2+w==

extend@~3.0.2:
  version "3.0.2"
  resolved "https://registry.yarnpkg.com/extend/-/extend-3.0.2.tgz#f8b1136b4071fbd8eb140aff858b1019ec2915fa"
  integrity sha512-fjquC59cD7CyW6urNXK0FBufkZcoiGG80wTuPujX590cB5Ttln20E2UB4S/WARVqhXffZl2LNgS+gQdPIIim/g==

extsprintf@1.3.0:
  version "1.3.0"
  resolved "https://registry.yarnpkg.com/extsprintf/-/extsprintf-1.3.0.tgz#96918440e3041a7a414f8c52e3c574eb3c3e1e05"
  integrity sha512-11Ndz7Nv+mvAC1j0ktTa7fAb0vLyGGX+rMHNBYQviQDGU0Hw7lhctJANqbPhu9nV9/izT/IntTgZ7Im/9LJs9g==

extsprintf@^1.2.0:
  version "1.4.1"
  resolved "https://registry.yarnpkg.com/extsprintf/-/extsprintf-1.4.1.tgz#8d172c064867f235c0c84a596806d279bf4bcc07"
  integrity sha512-Wrk35e8ydCKDj/ArClo1VrPVmN8zph5V4AtHwIuHhvMXsKf73UT3BOD+azBIW+3wOJ4FhEH7zyaJCFvChjYvMA==

fast-deep-equal@^3.1.1:
  version "3.1.3"
  resolved "https://registry.yarnpkg.com/fast-deep-equal/-/fast-deep-equal-3.1.3.tgz#3a7d56b559d6cbc3eb512325244e619a65c6c525"
  integrity sha512-f3qQ9oQy9j2AhBe/H9VC91wLmKBCCU/gDOnKNAYG5hswO7BLKj09Hc5HYNz9cGI++xlpDCIgDaitVs03ATR84Q==

fast-json-stable-stringify@^2.0.0:
  version "2.1.0"
  resolved "https://registry.yarnpkg.com/fast-json-stable-stringify/-/fast-json-stable-stringify-2.1.0.tgz#874bf69c6f404c2b5d99c481341399fd55892633"
  integrity sha512-lhd/wF+Lk98HZoTCtlVraHtfh5XYijIjalXck7saUtuanSDyLMxnHhSXEDJqHxD7msR8D0uCmqlkwjCV8xvwHw==

feedparser@^2.2.9:
  version "2.2.10"
  resolved "https://registry.yarnpkg.com/feedparser/-/feedparser-2.2.10.tgz#d3fa509e7d64761dfa037bbbe563df9d52dfb038"
  integrity sha512-WoAOooa61V8/xuKMi2pEtK86qQ3ZH/M72EEGdqlOTxxb3m6ve1NPvZcmPFs3wEDfcBbFLId2GqZ4YjsYi+h1xA==
  dependencies:
    addressparser "^1.0.1"
    array-indexofobject "~0.0.1"
    lodash.assign "^4.2.0"
    lodash.get "^4.4.2"
    lodash.has "^4.5.2"
    lodash.uniq "^4.5.0"
    mri "^1.1.5"
    readable-stream "^2.3.7"
    sax "^1.2.4"

file-set@^4.0.2:
  version "4.0.2"
  resolved "https://registry.yarnpkg.com/file-set/-/file-set-4.0.2.tgz#8d67c92a864202c2085ac9f03f1c9909c7e27030"
  integrity sha512-fuxEgzk4L8waGXaAkd8cMr73Pm0FxOVkn8hztzUW7BAHhOGH90viQNXbiOsnecCWmfInqU6YmAMwxRMdKETceQ==
  dependencies:
    array-back "^5.0.0"
    glob "^7.1.6"

find-replace@^3.0.0:
  version "3.0.0"
  resolved "https://registry.yarnpkg.com/find-replace/-/find-replace-3.0.0.tgz#3e7e23d3b05167a76f770c9fbd5258b0def68c38"
  integrity sha512-6Tb2myMioCAgv5kfvP5/PkZZ/ntTpVK39fHY7WkWBgvbeE+VHd/tZuZ4mrC+bxh4cfOZeYKVPaJIZtZXV7GNCQ==
  dependencies:
    array-back "^3.0.1"

forever-agent@~0.6.1:
  version "0.6.1"
  resolved "https://registry.yarnpkg.com/forever-agent/-/forever-agent-0.6.1.tgz#fbc71f0c41adeb37f96c577ad1ed42d8fdacca91"
  integrity sha512-j0KLYPhm6zeac4lz3oJ3o65qvgQCcPubiyotZrXqEaG4hNagNYO8qdlUrX5vwqv9ohqeT/Z3j6+yW067yWWdUw==

form-data@~2.3.2:
  version "2.3.3"
  resolved "https://registry.yarnpkg.com/form-data/-/form-data-2.3.3.tgz#dcce52c05f644f298c6a7ab936bd724ceffbf3a6"
  integrity sha512-1lLKB2Mu3aGP1Q/2eCOx0fNbRMe7XdwktwOruhfqqd0rIJWwN4Dh+E3hrPSlDCXnSR7UtZ1N38rVXm+6+MEhJQ==
  dependencies:
    asynckit "^0.4.0"
    combined-stream "^1.0.6"
    mime-types "^2.1.12"

fs-then-native@^2.0.0:
  version "2.0.0"
  resolved "https://registry.yarnpkg.com/fs-then-native/-/fs-then-native-2.0.0.tgz#19a124d94d90c22c8e045f2e8dd6ebea36d48c67"
  integrity sha512-X712jAOaWXkemQCAmWeg5rOT2i+KOpWz1Z/txk/cW0qlOu2oQ9H61vc5w3X/iyuUEfq/OyaFJ78/cZAQD1/bgA==

fs.realpath@^1.0.0:
  version "1.0.0"
  resolved "https://registry.yarnpkg.com/fs.realpath/-/fs.realpath-1.0.0.tgz#1504ad2523158caa40db4a2787cb01411994ea4f"
  integrity sha512-OO0pH2lK6a0hZnAdau5ItzHPI6pUlvI7jMVnxUQRtw4owF2wk8lOSabtGDCTP4Ggrg2MbGnWO9X8K1t4+fGMDw==

getpass@^0.1.1:
  version "0.1.7"
  resolved "https://registry.yarnpkg.com/getpass/-/getpass-0.1.7.tgz#5eff8e3e684d569ae4cb2b1282604e8ba62149fa"
  integrity sha512-0fzj9JxOLfJ+XGLhR8ze3unN0KZCgZwiSSDz168VERjK8Wl8kVSdcu2kspd4s4wtAa1y/qrVRiAA0WclVsu0ng==
  dependencies:
    assert-plus "^1.0.0"

glob@^7.1.6:
  version "7.2.3"
  resolved "https://registry.yarnpkg.com/glob/-/glob-7.2.3.tgz#b8df0fb802bbfa8e89bd1d938b4e16578ed44f2b"
  integrity sha512-nFR0zLpU2YCaRxwoCJvL6UvCH2JFyFVIvwTLsIf21AuHlMskA1hhTdk+LlYJtOlYt9v6dvszD2BGRqBL+iQK9Q==
  dependencies:
    fs.realpath "^1.0.0"
    inflight "^1.0.4"
    inherits "2"
    minimatch "^3.1.1"
    once "^1.3.0"
    path-is-absolute "^1.0.0"

graceful-fs@^4.1.9:
  version "4.2.10"
  resolved "https://registry.yarnpkg.com/graceful-fs/-/graceful-fs-4.2.10.tgz#147d3a006da4ca3ce14728c7aefc287c367d7a6c"
  integrity sha512-9ByhssR2fPVsNZj478qUUbKfmL0+t5BDVyjShtyZZLiK7ZDAArFFfopyOTj0M05wE2tJPisA4iTnnXl2YoPvOA==

handlebars@^4.7.7:
  version "4.7.7"
  resolved "https://registry.yarnpkg.com/handlebars/-/handlebars-4.7.7.tgz#9ce33416aad02dbd6c8fafa8240d5d98004945a1"
  integrity sha512-aAcXm5OAfE/8IXkcZvCepKU3VzW1/39Fb5ZuqMtgI/hT8X2YgoMvBY5dLhq/cpOvw7Lk1nK/UF71aLG/ZnVYRA==
  dependencies:
    minimist "^1.2.5"
    neo-async "^2.6.0"
    source-map "^0.6.1"
    wordwrap "^1.0.0"
  optionalDependencies:
    uglify-js "^3.1.4"

har-schema@^2.0.0:
  version "2.0.0"
  resolved "https://registry.yarnpkg.com/har-schema/-/har-schema-2.0.0.tgz#a94c2224ebcac04782a0d9035521f24735b7ec92"
  integrity sha512-Oqluz6zhGX8cyRaTQlFMPw80bSJVG2x/cFb8ZPhUILGgHka9SsokCCOQgpveePerqidZOrT14ipqfJb7ILcW5Q==

har-validator@~5.1.3:
  version "5.1.5"
  resolved "https://registry.yarnpkg.com/har-validator/-/har-validator-5.1.5.tgz#1f0803b9f8cb20c0fa13822df1ecddb36bde1efd"
  integrity sha512-nmT2T0lljbxdQZfspsno9hgrG3Uir6Ks5afism62poxqBM6sDnMEuPmzTq8XN0OEwqKLLdh1jQI3qyE66Nzb3w==
  dependencies:
    ajv "^6.12.3"
    har-schema "^2.0.0"

html-tags@^3.2.0:
  version "3.2.0"
  resolved "https://registry.yarnpkg.com/html-tags/-/html-tags-3.2.0.tgz#dbb3518d20b726524e4dd43de397eb0a95726961"
  integrity sha512-vy7ClnArOZwCnqZgvv+ddgHgJiAFXe3Ge9ML5/mBctVJoUoYPCdxVucOywjDARn6CVoh3dRSFdPHy2sX80L0Wg==

http-signature@~1.2.0:
  version "1.2.0"
  resolved "https://registry.yarnpkg.com/http-signature/-/http-signature-1.2.0.tgz#9aecd925114772f3d95b65a60abb8f7c18fbace1"
  integrity sha512-CAbnr6Rz4CYQkLYUtSNXxQPUH2gK8f3iWexVlsnMeD+GjlsQ0Xsy1cOX+mN3dtxYomRy21CiOzU8Uhw6OwncEQ==
  dependencies:
    assert-plus "^1.0.0"
    jsprim "^1.2.2"
    sshpk "^1.7.0"

inflight@^1.0.4:
  version "1.0.6"
  resolved "https://registry.yarnpkg.com/inflight/-/inflight-1.0.6.tgz#49bd6331d7d02d0c09bc910a1075ba8165b56df9"
  integrity sha512-k92I/b08q4wvFscXCLvqfsHCrjrF7yiXsQuIVvVE7N82W3+aqpzuUdBbfhWcy/FZR3/4IgflMgKLOsvPDrGCJA==
  dependencies:
    once "^1.3.0"
    wrappy "1"

inherits@2, inherits@~2.0.3:
  version "2.0.4"
  resolved "https://registry.yarnpkg.com/inherits/-/inherits-2.0.4.tgz#0fa2c64f932917c3433a0ded55363aae37416b7c"
  integrity sha512-k/vGaX4/Yla3WzyMCvTQOXYeIHvqOKtnqBduzTHpzpQZzAskKMhZ2K+EnBiSM9zGSoIFeMpXKxa4dYeZIQqewQ==

is-typedarray@~1.0.0:
  version "1.0.0"
  resolved "https://registry.yarnpkg.com/is-typedarray/-/is-typedarray-1.0.0.tgz#e479c80858df0c1b11ddda6940f96011fcda4a9a"
  integrity sha512-cyA56iCMHAh5CdzjJIa4aohJyeO1YbwLi3Jc35MmRU6poroFjIGZzUzupGiRPOjgHg9TLu43xbpwXk523fMxKA==

isarray@~1.0.0:
  version "1.0.0"
  resolved "https://registry.yarnpkg.com/isarray/-/isarray-1.0.0.tgz#bb935d48582cba168c06834957a54a3e07124f11"
  integrity sha512-VLghIWNM6ELQzo7zwmcg0NmTVyWKYjvIeM83yjp0wRDTmUnrM678fQbcKBo6n2CJEF0szoG//ytg+TKla89ALQ==

isstream@~0.1.2:
  version "0.1.2"
  resolved "https://registry.yarnpkg.com/isstream/-/isstream-0.1.2.tgz#47e63f7af55afa6f92e1500e690eb8b8529c099a"
  integrity sha512-Yljz7ffyPbrLpLngrMtZ7NduUgVvi6wG9RJ9IUcyCd59YQ911PBJphODUcbOVbqYfxe1wuYf/LJ8PauMRwsM/g==

js2xmlparser@^4.0.2:
  version "4.0.2"
  resolved "https://registry.yarnpkg.com/js2xmlparser/-/js2xmlparser-4.0.2.tgz#2a1fdf01e90585ef2ae872a01bc169c6a8d5e60a"
  integrity sha512-6n4D8gLlLf1n5mNLQPRfViYzu9RATblzPEtm1SthMX1Pjao0r9YI9nw7ZIfRxQMERS87mcswrg+r/OYrPRX6jA==
  dependencies:
    xmlcreate "^2.0.4"

jsbn@~0.1.0:
  version "0.1.1"
  resolved "https://registry.yarnpkg.com/jsbn/-/jsbn-0.1.1.tgz#a5e654c2e5a2deb5f201d96cefbca80c0ef2f513"
  integrity sha512-UVU9dibq2JcFWxQPA6KCqj5O42VOmAY3zQUfEKxU0KpTGXwNoCjkX1e13eHNvw/xPynt6pU0rZ1htjWTNTSXsg==

jsdoc-api@^7.1.1:
  version "7.2.0"
  resolved "https://registry.yarnpkg.com/jsdoc-api/-/jsdoc-api-7.2.0.tgz#207478b16d6a5ae6ec12785ca89687e951c7d29d"
  integrity sha512-93YDnlm/OYTlLOFeNs4qAv0RBCJ0kGj67xQaWy8wrbk97Rw1EySitoOTHsTHXPEs3uyx2IStPKGrbE7LTnZXbA==
  dependencies:
    array-back "^6.2.2"
    cache-point "^2.0.0"
    collect-all "^1.0.4"
    file-set "^4.0.2"
    fs-then-native "^2.0.0"
    jsdoc "^4.0.0"
    object-to-spawn-args "^2.0.1"
    temp-path "^1.0.0"
    walk-back "^5.1.0"

jsdoc-parse@^6.1.0:
  version "6.2.0"
  resolved "https://registry.yarnpkg.com/jsdoc-parse/-/jsdoc-parse-6.2.0.tgz#2b71d3925acfc4badc72526f2470766e0561f6b5"
  integrity sha512-Afu1fQBEb7QHt6QWX/6eUWvYHJofB90Fjx7FuJYF7mnG9z5BkAIpms1wsnvYLytfmqpEENHs/fax9p8gvMj7dw==
  dependencies:
    array-back "^6.2.2"
    lodash.omit "^4.5.0"
    lodash.pick "^4.4.0"
    reduce-extract "^1.0.0"
    sort-array "^4.1.5"
    test-value "^3.0.0"

jsdoc-to-markdown@7.1.1:
  version "7.1.1"
  resolved "https://registry.yarnpkg.com/jsdoc-to-markdown/-/jsdoc-to-markdown-7.1.1.tgz#dde4ef32fd0b28b2695c919a08fd65ae98317bcd"
  integrity sha512-CI86d63xAVNO+ENumWwmJ034lYe5iGU5GwjtTA11EuphP9tpnoi4hrKgR/J8uME0D+o4KUpVfwX1fjZhc8dEtg==
  dependencies:
    array-back "^6.2.2"
    command-line-tool "^0.8.0"
    config-master "^3.1.0"
    dmd "^6.1.0"
    jsdoc-api "^7.1.1"
    jsdoc-parse "^6.1.0"
    walk-back "^5.1.0"

jsdoc@4.0.0, jsdoc@^4.0.0:
  version "4.0.0"
  resolved "https://registry.yarnpkg.com/jsdoc/-/jsdoc-4.0.0.tgz#9569f79ea5b14ba4bc726da1a48fe6a241ad7893"
  integrity sha512-tzTgkklbWKrlaQL2+e3NNgLcZu3NaK2vsHRx7tyHQ+H5jcB9Gx0txSd2eJWlMC/xU1+7LQu4s58Ry0RkuaEQVg==
  dependencies:
    "@babel/parser" "^7.9.4"
    "@jsdoc/salty" "^0.2.1"
    "@types/markdown-it" "^12.2.3"
    bluebird "^3.7.2"
    catharsis "^0.9.0"
    escape-string-regexp "^2.0.0"
    js2xmlparser "^4.0.2"
    klaw "^3.0.0"
    markdown-it "^12.3.2"
    markdown-it-anchor "^8.4.1"
    marked "^4.0.10"
    mkdirp "^1.0.4"
    requizzle "^0.2.3"
    strip-json-comments "^3.1.0"
    underscore "~1.13.2"

json-schema-traverse@^0.4.1:
  version "0.4.1"
  resolved "https://registry.yarnpkg.com/json-schema-traverse/-/json-schema-traverse-0.4.1.tgz#69f6a87d9513ab8bb8fe63bdb0979c448e684660"
  integrity sha512-xbbCH5dCYU5T8LcEhhuh7HJ88HXuW3qsI3Y0zOZFKfZEHcpWiHU/Jxzk629Brsab/mMiHQti9wMP+845RPe3Vg==

json-schema@0.4.0:
  version "0.4.0"
  resolved "https://registry.yarnpkg.com/json-schema/-/json-schema-0.4.0.tgz#f7de4cf6efab838ebaeb3236474cbba5a1930ab5"
  integrity sha512-es94M3nTIfsEPisRafak+HDLfHXnKBhV3vU5eqPcS3flIWqcxJWgXHXiey3YrpaNsanY5ei1VoYEbOzijuq9BA==

json-stringify-safe@~5.0.1:
  version "5.0.1"
  resolved "https://registry.yarnpkg.com/json-stringify-safe/-/json-stringify-safe-5.0.1.tgz#1296a2d58fd45f19a0f6ce01d65701e2c735b6eb"
  integrity sha512-ZClg6AaYvamvYEE82d3Iyd3vSSIjQ+odgjaTzRuO3s7toCdFKczob2i0zCh7JE8kWn17yvAWhUVxvqGwUalsRA==

jsprim@^1.2.2:
  version "1.4.2"
  resolved "https://registry.yarnpkg.com/jsprim/-/jsprim-1.4.2.tgz#712c65533a15c878ba59e9ed5f0e26d5b77c5feb"
  integrity sha512-P2bSOMAc/ciLz6DzgjVlGJP9+BrJWu5UDGK70C2iweC5QBIeFf0ZXRvGjEj2uYgrY2MkAAhsSWHDWlFtEroZWw==
  dependencies:
    assert-plus "1.0.0"
    extsprintf "1.3.0"
    json-schema "0.4.0"
    verror "1.10.0"

klaw@^3.0.0:
  version "3.0.0"
  resolved "https://registry.yarnpkg.com/klaw/-/klaw-3.0.0.tgz#b11bec9cf2492f06756d6e809ab73a2910259146"
  integrity sha512-0Fo5oir+O9jnXu5EefYbVK+mHMBeEVEy2cmctR1O1NECcCkPRreJKrS6Qt/j3KC2C148Dfo9i3pCmCMsdqGr0g==
  dependencies:
    graceful-fs "^4.1.9"

linkify-it@^3.0.1:
  version "3.0.3"
  resolved "https://registry.yarnpkg.com/linkify-it/-/linkify-it-3.0.3.tgz#a98baf44ce45a550efb4d49c769d07524cc2fa2e"
  integrity sha512-ynTsyrFSdE5oZ/O9GEf00kPngmOfVwazR5GKDq6EYfhlpFug3J2zybX56a2PRRpc9P+FuSoGNAwjlbDs9jJBPQ==
  dependencies:
    uc.micro "^1.0.1"

lodash.assign@^4.2.0:
  version "4.2.0"
  resolved "https://registry.yarnpkg.com/lodash.assign/-/lodash.assign-4.2.0.tgz#0d99f3ccd7a6d261d19bdaeb9245005d285808e7"
  integrity sha512-hFuH8TY+Yji7Eja3mGiuAxBqLagejScbG8GbG0j6o9vzn0YL14My+ktnqtZgFTosKymC9/44wP6s7xyuLfnClw==

lodash.camelcase@^4.3.0:
  version "4.3.0"
  resolved "https://registry.yarnpkg.com/lodash.camelcase/-/lodash.camelcase-4.3.0.tgz#b28aa6288a2b9fc651035c7711f65ab6190331a6"
  integrity sha512-TwuEnCnxbc3rAvhf/LbG7tJUDzhqXyFnv3dtzLOPgCG/hODL7WFnsbwktkD7yUV0RrreP/l1PALq/YSg6VvjlA==

lodash.get@^4.4.2:
  version "4.4.2"
  resolved "https://registry.yarnpkg.com/lodash.get/-/lodash.get-4.4.2.tgz#2d177f652fa31e939b4438d5341499dfa3825e99"
  integrity sha512-z+Uw/vLuy6gQe8cfaFWD7p0wVv8fJl3mbzXh33RS+0oW2wvUqiRXiQ69gLWSLpgB5/6sU+r6BlQR0MBILadqTQ==

lodash.has@^4.5.2:
  version "4.5.2"
  resolved "https://registry.yarnpkg.com/lodash.has/-/lodash.has-4.5.2.tgz#d19f4dc1095058cccbe2b0cdf4ee0fe4aa37c862"
  integrity sha512-rnYUdIo6xRCJnQmbVFEwcxF144erlD+M3YcJUVesflU9paQaE8p+fJDcIQrlMYbxoANFL+AB9hZrzSBBk5PL+g==

lodash.omit@^4.5.0:
  version "4.5.0"
  resolved "https://registry.yarnpkg.com/lodash.omit/-/lodash.omit-4.5.0.tgz#6eb19ae5a1ee1dd9df0b969e66ce0b7fa30b5e60"
  integrity sha512-XeqSp49hNGmlkj2EJlfrQFIzQ6lXdNro9sddtQzcJY8QaoC2GO0DT7xaIokHeyM+mIT0mPMlPvkYzg2xCuHdZg==

lodash.padend@^4.6.1:
  version "4.6.1"
  resolved "https://registry.yarnpkg.com/lodash.padend/-/lodash.padend-4.6.1.tgz#53ccba047d06e158d311f45da625f4e49e6f166e"
  integrity sha512-sOQs2aqGpbl27tmCS1QNZA09Uqp01ZzWfDUoD+xzTii0E7dSQfRKcRetFwa+uXaxaqL+TKm7CgD2JdKP7aZBSw==

lodash.pick@^4.4.0:
  version "4.4.0"
  resolved "https://registry.yarnpkg.com/lodash.pick/-/lodash.pick-4.4.0.tgz#52f05610fff9ded422611441ed1fc123a03001b3"
  integrity sha512-hXt6Ul/5yWjfklSGvLQl8vM//l3FtyHZeuelpzK6mm99pNvN9yTDruNZPEJZD1oWrqo+izBmB7oUfWgcCX7s4Q==

lodash.uniq@^4.5.0:
  version "4.5.0"
  resolved "https://registry.yarnpkg.com/lodash.uniq/-/lodash.uniq-4.5.0.tgz#d0225373aeb652adc1bc82e4945339a842754773"
  integrity sha512-xfBaXQd9ryd9dlSDvnvI0lvxfLJlYAZzXomUYzLKtUeOQvOP5piqAWuGtrhWeqaXK9hhoM/iyJc5AV+XfsX3HQ==

lodash@^4.17.15, lodash@^4.17.21:
  version "4.17.21"
  resolved "https://registry.yarnpkg.com/lodash/-/lodash-4.17.21.tgz#679591c564c3bffaae8454cf0b3df370c3d6911c"
  integrity sha512-v2kDEe57lecTulaDIuNTPy3Ry4gLGJ6Z1O3vE1krgXZNrsQ+LFTGHVxVjcXPs17LhbZVGedAJv8XZ1tvj5FvSg==

markdown-it-anchor@^8.4.1:
  version "8.6.5"
  resolved "https://registry.yarnpkg.com/markdown-it-anchor/-/markdown-it-anchor-8.6.5.tgz#30c4bc5bbff327f15ce3c429010ec7ba75e7b5f8"
  integrity sha512-PI1qEHHkTNWT+X6Ip9w+paonfIQ+QZP9sCeMYi47oqhH+EsW8CrJ8J7CzV19QVOj6il8ATGbK2nTECj22ZHGvQ==

markdown-it@^12.3.2:
  version "12.3.2"
  resolved "https://registry.yarnpkg.com/markdown-it/-/markdown-it-12.3.2.tgz#bf92ac92283fe983fe4de8ff8abfb5ad72cd0c90"
  integrity sha512-TchMembfxfNVpHkbtriWltGWc+m3xszaRD0CZup7GFFhzIgQqxIfn3eGj1yZpfuflzPvfkt611B2Q/Bsk1YnGg==
  dependencies:
    argparse "^2.0.1"
    entities "~2.1.0"
    linkify-it "^3.0.1"
    mdurl "^1.0.1"
    uc.micro "^1.0.5"

marked@^4.0.10, marked@^4.2.3:
  version "4.2.4"
  resolved "https://registry.yarnpkg.com/marked/-/marked-4.2.4.tgz#5a4ce6c7a1ae0c952601fce46376ee4cf1797e1c"
  integrity sha512-Wcc9ikX7Q5E4BYDPvh1C6QNSxrjC9tBgz+A/vAhp59KXUgachw++uMvMKiSW8oA85nopmPZcEvBoex/YLMsiyA==

mdurl@^1.0.1:
  version "1.0.1"
  resolved "https://registry.yarnpkg.com/mdurl/-/mdurl-1.0.1.tgz#fe85b2ec75a59037f2adfec100fd6c601761152e"
  integrity sha512-/sKlQJCBYVY9Ers9hqzKou4H6V5UWc/M59TH2dvkt+84itfnq7uFOMLpOiOS4ujvHP4etln18fmIxA5R5fll0g==

mime-db@1.52.0:
  version "1.52.0"
  resolved "https://registry.yarnpkg.com/mime-db/-/mime-db-1.52.0.tgz#bbabcdc02859f4987301c856e3387ce5ec43bf70"
  integrity sha512-sPU4uV7dYlvtWJxwwxHD0PuihVNiE7TyAbQ5SWxDCB9mUYvOgroQOwYQQOKPJ8CIbE+1ETVlOoK1UC2nU3gYvg==

mime-types@^2.1.12, mime-types@~2.1.19:
  version "2.1.35"
  resolved "https://registry.yarnpkg.com/mime-types/-/mime-types-2.1.35.tgz#381a871b62a734450660ae3deee44813f70d959a"
  integrity sha512-ZDY+bPm5zTTF+YpCrAU9nK0UgICYPT0QtT1NZWFv4s++TNkcgVaT0g6+4R2uI4MjQjzysHB1zxuWL50hzaeXiw==
  dependencies:
    mime-db "1.52.0"

minimatch@^3.1.1:
  version "3.1.2"
  resolved "https://registry.yarnpkg.com/minimatch/-/minimatch-3.1.2.tgz#19cd194bfd3e428f049a70817c038d89ab4be35b"
  integrity sha512-J7p63hRiAjw1NDEww1W7i37+ByIrOWO5XQQAzZ3VOcL0PNybwpfmV/N05zFAzwQ9USyEcX6t3UO+K5aqBQOIHw==
  dependencies:
    brace-expansion "^1.1.7"

minimist@^1.2.5:
  version "1.2.7"
  resolved "https://registry.yarnpkg.com/minimist/-/minimist-1.2.7.tgz#daa1c4d91f507390437c6a8bc01078e7000c4d18"
  integrity sha512-bzfL1YUZsP41gmu/qjrEk0Q6i2ix/cVeAhbCbqH9u3zYutS1cLg00qhrD0M2MVdCcx4Sc0UpP2eBWo9rotpq6g==

mkdirp2@^1.0.4:
  version "1.0.5"
  resolved "https://registry.yarnpkg.com/mkdirp2/-/mkdirp2-1.0.5.tgz#68bbe61defefafce4b48948608ec0bac942512c2"
  integrity sha512-xOE9xbICroUDmG1ye2h4bZ8WBie9EGmACaco8K8cx6RlkJJrxGIqjGqztAI+NMhexXBcdGbSEzI6N3EJPevxZw==

mkdirp@^1.0.4:
  version "1.0.4"
  resolved "https://registry.yarnpkg.com/mkdirp/-/mkdirp-1.0.4.tgz#3eb5ed62622756d79a5f0e2a221dfebad75c2f7e"
  integrity sha512-vVqVZQyf3WLx2Shd0qJ9xuvqgAyKPLAiqITEtqW0oIUjzo3PePDd6fW9iFz30ef7Ysp/oiWqbhszeGWW2T6Gzw==

mri@^1.1.5:
  version "1.2.0"
  resolved "https://registry.yarnpkg.com/mri/-/mri-1.2.0.tgz#6721480fec2a11a4889861115a48b6cbe7cc8f0b"
  integrity sha512-tzzskb3bG8LvYGFF/mDTpq3jpI6Q9wc3LEmBaghu+DdCssd1FakN7Bc0hVNmEyGq1bq3RgfkCb3cmQLpNPOroA==

neo-async@^2.6.0:
  version "2.6.2"
  resolved "https://registry.yarnpkg.com/neo-async/-/neo-async-2.6.2.tgz#b4aafb93e3aeb2d8174ca53cf163ab7d7308305f"
  integrity sha512-Yd3UES5mWCSqR+qNT93S3UoYUkqAZ9lLg8a7g9rimsWmYGK8cVToA4/sF3RrshdyV3sAGMXVUmpMYOw+dLpOuw==

oauth-sign@~0.9.0:
  version "0.9.0"
  resolved "https://registry.yarnpkg.com/oauth-sign/-/oauth-sign-0.9.0.tgz#47a7b016baa68b5fa0ecf3dee08a85c679ac6455"
  integrity sha512-fexhUFFPTGV8ybAtSIGbV6gOkSv8UtRbDBnAyLQw4QPKkgNlsH2ByPGtMUqdWkos6YCRmAqViwgZrJc/mRDzZQ==

object-get@^2.1.1:
  version "2.1.1"
  resolved "https://registry.yarnpkg.com/object-get/-/object-get-2.1.1.tgz#1dad63baf6d94df184d1c58756cc9be55b174dac"
  integrity sha512-7n4IpLMzGGcLEMiQKsNR7vCe+N5E9LORFrtNUVy4sO3dj9a3HedZCxEL2T7QuLhcHN1NBuBsMOKaOsAYI9IIvg==

object-to-spawn-args@^2.0.1:
  version "2.0.1"
  resolved "https://registry.yarnpkg.com/object-to-spawn-args/-/object-to-spawn-args-2.0.1.tgz#cf8b8e3c9b3589137a469cac90391f44870144a5"
  integrity sha512-6FuKFQ39cOID+BMZ3QaphcC8Y4cw6LXBLyIgPU+OhIYwviJamPAn+4mITapnSBQrejB+NNp+FMskhD8Cq+Ys3w==

once@^1.3.0:
  version "1.4.0"
  resolved "https://registry.yarnpkg.com/once/-/once-1.4.0.tgz#583b1aa775961d4b113ac17d9c50baef9dd76bd1"
  integrity sha512-lNaJgI+2Q5URQBkccEKHTQOPaXdUxnZZElQTZY0MFUAuaEqe1E+Nyvgdz/aIyNi6Z9MzO5dv1H8n58/GELp3+w==
  dependencies:
    wrappy "1"

path-is-absolute@^1.0.0:
  version "1.0.1"
  resolved "https://registry.yarnpkg.com/path-is-absolute/-/path-is-absolute-1.0.1.tgz#174b9268735534ffbc7ace6bf53a5a9e1b5c5f5f"
  integrity sha512-AVbw3UJ2e9bq64vSaS9Am0fje1Pa8pbGqTTsmXfaIiMpnr5DlDhfJOuLj9Sf95ZPVDAUerDfEk88MPmPe7UCQg==

performance-now@^2.1.0:
  version "2.1.0"
  resolved "https://registry.yarnpkg.com/performance-now/-/performance-now-2.1.0.tgz#6309f4e0e5fa913ec1c69307ae364b4b377c9e7b"
  integrity sha512-7EAHlyLHI56VEIdK57uwHdHKIaAGbnXPiw0yWbarQZOKaKpvUIgW0jWRVLiatnM+XXlSwsanIBH/hzGMJulMow==

process-nextick-args@~2.0.0:
  version "2.0.1"
  resolved "https://registry.yarnpkg.com/process-nextick-args/-/process-nextick-args-2.0.1.tgz#7820d9b16120cc55ca9ae7792680ae7dba6d7fe2"
  integrity sha512-3ouUOpQhtgrbOa17J7+uxOTpITYWaGP7/AhoR3+A+/1e9skrzelGi/dXzEYyvbxubEF6Wn2ypscTKiKJFFn1ag==

psl@^1.1.28:
  version "1.9.0"
  resolved "https://registry.yarnpkg.com/psl/-/psl-1.9.0.tgz#d0df2a137f00794565fcaf3b2c00cd09f8d5a5a7"
  integrity sha512-E/ZsdU4HLs/68gYzgGTkMicWTLPdAftJLfJFlLUAAKZGkStNU72sZjT66SnMDVOfOWY/YAoiD7Jxa9iHvngcag==

punycode@^2.1.0, punycode@^2.1.1:
  version "2.1.1"
  resolved "https://registry.yarnpkg.com/punycode/-/punycode-2.1.1.tgz#b58b010ac40c22c5657616c8d2c2c02c7bf479ec"
  integrity sha512-XRsRjdf+j5ml+y/6GKHPZbrF/8p2Yga0JPtdqTIY2Xe5ohJPD9saDJJLPvp9+NSBprVvevdXZybnj2cv8OEd0A==

qs@~6.5.2:
  version "6.5.3"
  resolved "https://registry.yarnpkg.com/qs/-/qs-6.5.3.tgz#3aeeffc91967ef6e35c0e488ef46fb296ab76aad"
  integrity sha512-qxXIEh4pCGfHICj1mAJQ2/2XVZkjCDTcEgfoSQxc/fYivUZxTkk7L3bDBJSoNrEzXI17oUO5Dp07ktqE5KzczA==

readable-stream@^2.3.7:
  version "2.3.7"
  resolved "https://registry.yarnpkg.com/readable-stream/-/readable-stream-2.3.7.tgz#1eca1cf711aef814c04f62252a36a62f6cb23b57"
  integrity sha512-Ebho8K4jIbHAxnuxi7o42OrZgF/ZTNcsZj6nRKyUmkhLFq8CHItp/fy6hQZuZmP/n3yZ9VBUbp4zz/mX8hmYPw==
  dependencies:
    core-util-is "~1.0.0"
    inherits "~2.0.3"
    isarray "~1.0.0"
    process-nextick-args "~2.0.0"
    safe-buffer "~5.1.1"
    string_decoder "~1.1.1"
    util-deprecate "~1.0.1"

reduce-extract@^1.0.0:
  version "1.0.0"
  resolved "https://registry.yarnpkg.com/reduce-extract/-/reduce-extract-1.0.0.tgz#67f2385beda65061b5f5f4312662e8b080ca1525"
  integrity sha512-QF8vjWx3wnRSL5uFMyCjDeDc5EBMiryoT9tz94VvgjKfzecHAVnqmXAwQDcr7X4JmLc2cjkjFGCVzhMqDjgR9g==
  dependencies:
    test-value "^1.0.1"

reduce-flatten@^1.0.1:
  version "1.0.1"
  resolved "https://registry.yarnpkg.com/reduce-flatten/-/reduce-flatten-1.0.1.tgz#258c78efd153ddf93cb561237f61184f3696e327"
  integrity sha512-j5WfFJfc9CoXv/WbwVLHq74i/hdTUpy+iNC534LxczMRP67vJeK3V9JOdnL0N1cIRbn9mYhE2yVjvvKXDxvNXQ==

reduce-flatten@^3.0.1:
  version "3.0.1"
  resolved "https://registry.yarnpkg.com/reduce-flatten/-/reduce-flatten-3.0.1.tgz#3db6b48ced1f4dbe4f4f5e31e422aa9ff0cd21ba"
  integrity sha512-bYo+97BmUUOzg09XwfkwALt4PQH1M5L0wzKerBt6WLm3Fhdd43mMS89HiT1B9pJIqko/6lWx3OnV4J9f2Kqp5Q==

reduce-unique@^2.0.1:
  version "2.0.1"
  resolved "https://registry.yarnpkg.com/reduce-unique/-/reduce-unique-2.0.1.tgz#fb34b90e89297c1e08d75dcf17e9a6443ea71081"
  integrity sha512-x4jH/8L1eyZGR785WY+ePtyMNhycl1N2XOLxhCbzZFaqF4AXjLzqSxa2UHgJ2ZVR/HHyPOvl1L7xRnW8ye5MdA==

reduce-without@^1.0.1:
  version "1.0.1"
  resolved "https://registry.yarnpkg.com/reduce-without/-/reduce-without-1.0.1.tgz#68ad0ead11855c9a37d4e8256c15bbf87972fc8c"
  integrity sha512-zQv5y/cf85sxvdrKPlfcRzlDn/OqKFThNimYmsS3flmkioKvkUGn2Qg9cJVoQiEvdxFGLE0MQER/9fZ9sUqdxg==
  dependencies:
    test-value "^2.0.0"

request@^2.83.0:
  version "2.88.2"
  resolved "https://registry.yarnpkg.com/request/-/request-2.88.2.tgz#d73c918731cb5a87da047e207234146f664d12b3"
  integrity sha512-MsvtOrfG9ZcrOwAW+Qi+F6HbD0CWXEh9ou77uOb7FM2WPhwT7smM833PzanhJLsgXjN89Ir6V2PczXNnMpwKhw==
  dependencies:
    aws-sign2 "~0.7.0"
    aws4 "^1.8.0"
    caseless "~0.12.0"
    combined-stream "~1.0.6"
    extend "~3.0.2"
    forever-agent "~0.6.1"
    form-data "~2.3.2"
    har-validator "~5.1.3"
    http-signature "~1.2.0"
    is-typedarray "~1.0.0"
    isstream "~0.1.2"
    json-stringify-safe "~5.0.1"
    mime-types "~2.1.19"
    oauth-sign "~0.9.0"
    performance-now "^2.1.0"
    qs "~6.5.2"
    safe-buffer "^5.1.2"
    tough-cookie "~2.5.0"
    tunnel-agent "^0.6.0"
    uuid "^3.3.2"

requizzle@^0.2.3:
  version "0.2.4"
  resolved "https://registry.yarnpkg.com/requizzle/-/requizzle-0.2.4.tgz#319eb658b28c370f0c20f968fa8ceab98c13d27c"
  integrity sha512-JRrFk1D4OQ4SqovXOgdav+K8EAhSB/LJZqCz8tbX0KObcdeM15Ss59ozWMBWmmINMagCwmqn4ZNryUGpBsl6Jw==
  dependencies:
    lodash "^4.17.21"

safe-buffer@^5.0.1, safe-buffer@^5.1.2:
  version "5.2.1"
  resolved "https://registry.yarnpkg.com/safe-buffer/-/safe-buffer-5.2.1.tgz#1eaf9fa9bdb1fdd4ec75f58f9cdb4e6b7827eec6"
  integrity sha512-rp3So07KcdmmKbGvgaNxQSJr7bGVSVk5S9Eq1F+ppbRo70+YeaDxkw5Dd8NPN+GD6bjnYm2VuPuCXmpuYvmCXQ==

safe-buffer@~5.1.0, safe-buffer@~5.1.1:
  version "5.1.2"
  resolved "https://registry.yarnpkg.com/safe-buffer/-/safe-buffer-5.1.2.tgz#991ec69d296e0313747d59bdfd2b745c35f8828d"
  integrity sha512-Gd2UZBJDkXlY7GbJxfsE8/nvKkUEU1G38c1siN6QP6a9PT9MmHB8GnpscSmMJSoF8LOIrt8ud/wPtojys4G6+g==

safer-buffer@^2.0.2, safer-buffer@^2.1.0, safer-buffer@~2.1.0:
  version "2.1.2"
  resolved "https://registry.yarnpkg.com/safer-buffer/-/safer-buffer-2.1.2.tgz#44fa161b0187b9549dd84bb91802f9bd8385cd6a"
  integrity sha512-YZo3K82SD7Riyi0E1EQPojLz7kpepnSQI9IyPbHHg1XXXevb5dJI7tpyN2ADxGcQbHG7vcyRHk0cbwqcQriUtg==

sax@^1.2.4:
  version "1.2.4"
  resolved "https://registry.yarnpkg.com/sax/-/sax-1.2.4.tgz#2816234e2378bddc4e5354fab5caa895df7100d9"
  integrity sha512-NqVDv9TpANUjFm0N8uM5GxL36UgKi9/atZw+x7YFnQ8ckwFGKrl4xX4yWtrey3UJm5nP1kUbnYgLopqWNSRhWw==

sort-array@^4.1.5:
  version "4.1.5"
  resolved "https://registry.yarnpkg.com/sort-array/-/sort-array-4.1.5.tgz#64b92aaba222aec606786f4df28ae4e3e3e68313"
  integrity sha512-Ya4peoS1fgFN42RN1REk2FgdNOeLIEMKFGJvs7VTP3OklF8+kl2SkpVliZ4tk/PurWsrWRsdNdU+tgyOBkB9sA==
  dependencies:
    array-back "^5.0.0"
    typical "^6.0.1"

source-map@^0.6.1:
  version "0.6.1"
  resolved "https://registry.yarnpkg.com/source-map/-/source-map-0.6.1.tgz#74722af32e9614e9c287a8d0bbde48b5e2f1a263"
  integrity sha512-UjgapumWlbMhkBgzT7Ykc5YXUT46F0iKu8SGXq0bcwP5dz/h0Plj6enJqjz1Zbq2l5WaqYnrVbwWOWMyF3F47g==

sshpk@^1.7.0:
  version "1.17.0"
  resolved "https://registry.yarnpkg.com/sshpk/-/sshpk-1.17.0.tgz#578082d92d4fe612b13007496e543fa0fbcbe4c5"
  integrity sha512-/9HIEs1ZXGhSPE8X6Ccm7Nam1z8KcoCqPdI7ecm1N33EzAetWahvQWVqLZtaZQ+IDKX4IyA2o0gBzqIMkAagHQ==
  dependencies:
    asn1 "~0.2.3"
    assert-plus "^1.0.0"
    bcrypt-pbkdf "^1.0.0"
    dashdash "^1.12.0"
    ecc-jsbn "~0.1.1"
    getpass "^0.1.1"
    jsbn "~0.1.0"
    safer-buffer "^2.0.2"
    tweetnacl "~0.14.0"

stream-connect@^1.0.2:
  version "1.0.2"
  resolved "https://registry.yarnpkg.com/stream-connect/-/stream-connect-1.0.2.tgz#18bc81f2edb35b8b5d9a8009200a985314428a97"
  integrity sha512-68Kl+79cE0RGKemKkhxTSg8+6AGrqBt+cbZAXevg2iJ6Y3zX4JhA/sZeGzLpxW9cXhmqAcE7KnJCisUmIUfnFQ==
  dependencies:
    array-back "^1.0.2"

stream-via@^1.0.4:
  version "1.0.4"
  resolved "https://registry.yarnpkg.com/stream-via/-/stream-via-1.0.4.tgz#8dccbb0ac909328eb8bc8e2a4bd3934afdaf606c"
  integrity sha512-DBp0lSvX5G9KGRDTkR/R+a29H+Wk2xItOF+MpZLLNDWbEV9tGPnqLPxHEYjmiz8xGtJHRIqmI+hCjmNzqoA4nQ==

string_decoder@~1.1.1:
  version "1.1.1"
  resolved "https://registry.yarnpkg.com/string_decoder/-/string_decoder-1.1.1.tgz#9cf1611ba62685d7030ae9e4ba34149c3af03fc8"
  integrity sha512-n/ShnvDi6FHbbVfviro+WojiFzv+s8MPMHBczVePfUpDJLwoLT0ht1l4YwBCbi8pJAveEEdnkHyPyTP/mzRfwg==
  dependencies:
    safe-buffer "~5.1.0"

strip-json-comments@^3.1.0:
  version "3.1.1"
  resolved "https://registry.yarnpkg.com/strip-json-comments/-/strip-json-comments-3.1.1.tgz#31f1281b3832630434831c310c01cccda8cbe006"
  integrity sha512-6fPc+R4ihwqP6N/aIv2f1gMH8lOVtWQHoqC4yK6oSDVVocumAsfCqjkXnqiYMhmMwS/mEHLp7Vehlt3ql6lEig==

table-layout@^0.4.2:
  version "0.4.5"
  resolved "https://registry.yarnpkg.com/table-layout/-/table-layout-0.4.5.tgz#d906de6a25fa09c0c90d1d08ecd833ecedcb7378"
  integrity sha512-zTvf0mcggrGeTe/2jJ6ECkJHAQPIYEwDoqsiqBjI24mvRmQbInK5jq33fyypaCBxX08hMkfmdOqj6haT33EqWw==
  dependencies:
    array-back "^2.0.0"
    deep-extend "~0.6.0"
    lodash.padend "^4.6.1"
    typical "^2.6.1"
    wordwrapjs "^3.0.0"

temp-path@^1.0.0:
  version "1.0.0"
  resolved "https://registry.yarnpkg.com/temp-path/-/temp-path-1.0.0.tgz#24b1543973ab442896d9ad367dd9cbdbfafe918b"
  integrity sha512-TvmyH7kC6ZVTYkqCODjJIbgvu0FKiwQpZ4D1aknE7xpcDf/qEOB8KZEK5ef2pfbVoiBhNWs3yx4y+ESMtNYmlg==

test-value@^1.0.1:
  version "1.1.0"
  resolved "https://registry.yarnpkg.com/test-value/-/test-value-1.1.0.tgz#a09136f72ec043d27c893707c2b159bfad7de93f"
  integrity sha512-wrsbRo7qP+2Je8x8DsK8ovCGyxe3sYfQwOraIY/09A2gFXU9DYKiTF14W4ki/01AEh56kMzAmlj9CaHGDDUBJA==
  dependencies:
    array-back "^1.0.2"
    typical "^2.4.2"

test-value@^2.0.0:
  version "2.1.0"
  resolved "https://registry.yarnpkg.com/test-value/-/test-value-2.1.0.tgz#11da6ff670f3471a73b625ca4f3fdcf7bb748291"
  integrity sha512-+1epbAxtKeXttkGFMTX9H42oqzOTufR1ceCF+GYA5aOmvaPq9wd4PUS8329fn2RRLGNeUkgRLnVpycjx8DsO2w==
  dependencies:
    array-back "^1.0.3"
    typical "^2.6.0"

test-value@^3.0.0:
  version "3.0.0"
  resolved "https://registry.yarnpkg.com/test-value/-/test-value-3.0.0.tgz#9168c062fab11a86b8d444dd968bb4b73851ce92"
  integrity sha512-sVACdAWcZkSU9x7AOmJo5TqE+GyNJknHaHsMrR6ZnhjVlVN9Yx6FjHrsKZ3BjIpPCT68zYesPWkakrNupwfOTQ==
  dependencies:
    array-back "^2.0.0"
    typical "^2.6.1"

tough-cookie@~2.5.0:
  version "2.5.0"
  resolved "https://registry.yarnpkg.com/tough-cookie/-/tough-cookie-2.5.0.tgz#cd9fb2a0aa1d5a12b473bd9fb96fa3dcff65ade2"
  integrity sha512-nlLsUzgm1kfLXSXfRZMc1KLAugd4hqJHDTvc2hDIwS3mZAfMEuMbc03SujMF+GEcpaX/qboeycw6iO8JwVv2+g==
  dependencies:
    psl "^1.1.28"
    punycode "^2.1.1"

tunnel-agent@^0.6.0:
  version "0.6.0"
  resolved "https://registry.yarnpkg.com/tunnel-agent/-/tunnel-agent-0.6.0.tgz#27a5dea06b36b04a0a9966774b290868f0fc40fd"
  integrity sha512-McnNiV1l8RYeY8tBgEpuodCC1mLUdbSN+CYBL7kJsJNInOP8UjDDEwdk6Mw60vdLLrr5NHKZhMAOSrR2NZuQ+w==
  dependencies:
    safe-buffer "^5.0.1"

tweetnacl@^0.14.3, tweetnacl@~0.14.0:
  version "0.14.5"
  resolved "https://registry.yarnpkg.com/tweetnacl/-/tweetnacl-0.14.5.tgz#5ae68177f192d4456269d108afa93ff8743f4f64"
  integrity sha512-KXXFFdAbFXY4geFIwoyNK+f5Z1b7swfXABfL7HXCmoIWMKU3dmS26672A4EeQtDzLKy7SXmfBu51JolvEKwtGA==

typical@^2.4.2, typical@^2.6.0, typical@^2.6.1:
  version "2.6.1"
  resolved "https://registry.yarnpkg.com/typical/-/typical-2.6.1.tgz#5c080e5d661cbbe38259d2e70a3c7253e873881d"
  integrity sha512-ofhi8kjIje6npGozTip9Fr8iecmYfEbS06i0JnIg+rh51KakryWF4+jX8lLKZVhy6N+ID45WYSFCxPOdTWCzNg==

typical@^4.0.0:
  version "4.0.0"
  resolved "https://registry.yarnpkg.com/typical/-/typical-4.0.0.tgz#cbeaff3b9d7ae1e2bbfaf5a4e6f11eccfde94fc4"
  integrity sha512-VAH4IvQ7BDFYglMd7BPRDfLgxZZX4O4TFcRDA6EN5X7erNJJq+McIEp8np9aVtxrCJ6qx4GTYVfOWNjcqwZgRw==

typical@^6.0.1:
  version "6.0.1"
  resolved "https://registry.yarnpkg.com/typical/-/typical-6.0.1.tgz#89bd1a6aa5e5e96fa907fb6b7579223bff558a06"
  integrity sha512-+g3NEp7fJLe9DPa1TArHm9QAA7YciZmWnfAqEaFrBihQ7epOv9i99rjtgb6Iz0wh3WuQDjsCTDfgRoGnmHN81A==

uc.micro@^1.0.1, uc.micro@^1.0.5:
  version "1.0.6"
  resolved "https://registry.yarnpkg.com/uc.micro/-/uc.micro-1.0.6.tgz#9c411a802a409a91fc6cf74081baba34b24499ac"
  integrity sha512-8Y75pvTYkLJW2hWQHXxoqRgV7qb9B+9vFEtidML+7koHUFapnVJAZ6cKs+Qjz5Aw3aZWHMC6u0wJE3At+nSGwA==

uglify-js@^3.1.4:
  version "3.17.4"
  resolved "https://registry.yarnpkg.com/uglify-js/-/uglify-js-3.17.4.tgz#61678cf5fa3f5b7eb789bb345df29afb8257c22c"
  integrity sha512-T9q82TJI9e/C1TAxYvfb16xO120tMVFZrGA3f9/P4424DNu6ypK103y0GPFVa17yotwSyZW5iYXgjYHkGrJW/g==

underscore@~1.13.2:
  version "1.13.6"
  resolved "https://registry.yarnpkg.com/underscore/-/underscore-1.13.6.tgz#04786a1f589dc6c09f761fc5f45b89e935136441"
  integrity sha512-+A5Sja4HP1M08MaXya7p5LvjuM7K6q/2EaC0+iovj/wOcMsTzMvDFbasi/oSapiwOlt252IqsKqPjCl7huKS0A==

uri-js@^4.2.2:
  version "4.4.1"
  resolved "https://registry.yarnpkg.com/uri-js/-/uri-js-4.4.1.tgz#9b1a52595225859e55f669d928f88c6c57f2a77e"
  integrity sha512-7rKUyy33Q1yc98pQ1DAmLtwX109F7TIfWlW1Ydo8Wl1ii1SeHieeh0HHfPeL2fMXK6z0s8ecKs9frCuLJvndBg==
  dependencies:
    punycode "^2.1.0"

util-deprecate@~1.0.1:
  version "1.0.2"
  resolved "https://registry.yarnpkg.com/util-deprecate/-/util-deprecate-1.0.2.tgz#450d4dc9fa70de732762fbd2d4a28981419a0ccf"
  integrity sha512-EPD5q1uXyFxJpCrLnCc1nHnq3gOa6DZBocAIiI2TaSCA7VCJ1UJDMagCzIkXNsUYfD1daK//LTEQ8xiIbrHtcw==

uuid@^3.3.2:
  version "3.4.0"
  resolved "https://registry.yarnpkg.com/uuid/-/uuid-3.4.0.tgz#b23e4358afa8a202fe7a100af1f5f883f02007ee"
  integrity sha512-HjSDRw6gZE5JMggctHBcjVak08+KEVhSIiDzFnT9S9aegmp85S/bReBVTb4QTFaRNptJ9kuYaNhnbNEOkbKb/A==

verror@1.10.0:
  version "1.10.0"
  resolved "https://registry.yarnpkg.com/verror/-/verror-1.10.0.tgz#3a105ca17053af55d6e270c1f8288682e18da400"
  integrity sha512-ZZKSmDAEFOijERBLkmYfJ+vmk3w+7hOLYDNkRCuRuMJGEmqYNCNLyBBFwWKVMhfwaEF3WOd0Zlw86U/WC/+nYw==
  dependencies:
    assert-plus "^1.0.0"
    core-util-is "1.0.2"
    extsprintf "^1.2.0"

walk-back@^2.0.1:
  version "2.0.1"
  resolved "https://registry.yarnpkg.com/walk-back/-/walk-back-2.0.1.tgz#554e2a9d874fac47a8cb006bf44c2f0c4998a0a4"
  integrity sha512-Nb6GvBR8UWX1D+Le+xUq0+Q1kFmRBIWVrfLnQAOmcpEzA9oAxwJ9gIr36t9TWYfzvWRvuMtjHiVsJYEkXWaTAQ==

walk-back@^5.1.0:
  version "5.1.0"
  resolved "https://registry.yarnpkg.com/walk-back/-/walk-back-5.1.0.tgz#486d6f29e67f56ab89b952d987028bbb1a4e956c"
  integrity sha512-Uhxps5yZcVNbLEAnb+xaEEMdgTXl9qAQDzKYejG2AZ7qPwRQ81lozY9ECDbjLPNWm7YsO1IK5rsP1KoQzXAcGA==

wordwrap@^1.0.0:
  version "1.0.0"
  resolved "https://registry.yarnpkg.com/wordwrap/-/wordwrap-1.0.0.tgz#27584810891456a4171c8d0226441ade90cbcaeb"
  integrity sha512-gvVzJFlPycKc5dZN4yPkP8w7Dc37BtP1yczEneOb4uq34pXZcvrtRTmWV8W+Ume+XCxKgbjM+nevkyFPMybd4Q==

wordwrapjs@^3.0.0:
  version "3.0.0"
  resolved "https://registry.yarnpkg.com/wordwrapjs/-/wordwrapjs-3.0.0.tgz#c94c372894cadc6feb1a66bff64e1d9af92c5d1e"
  integrity sha512-mO8XtqyPvykVCsrwj5MlOVWvSnCdT+C+QVbm6blradR7JExAhbkZ7hZ9A+9NUtwzSqrlUo9a67ws0EiILrvRpw==
  dependencies:
    reduce-flatten "^1.0.1"
    typical "^2.6.1"

wrappy@1:
  version "1.0.2"
  resolved "https://registry.yarnpkg.com/wrappy/-/wrappy-1.0.2.tgz#b5243d8f3ec1aa35f1364605bc0d1036e30ab69f"
  integrity sha512-l4Sp/DRseor9wL6EvV2+TuQn63dMkPjZ/sp9XkghTEbV9KlPS1xUsZ3u7/IQO4wxtcFB4bgpQPRcR3QCvezPcQ==

xmlcreate@^2.0.4:
  version "2.0.4"
  resolved "https://registry.yarnpkg.com/xmlcreate/-/xmlcreate-2.0.4.tgz#0c5ab0f99cdd02a81065fa9cd8f8ae87624889be"
  integrity sha512-nquOebG4sngPmGPICTS5EnxqhKbCmz5Ox5hsszI2T6U5qdrJizBc+0ilYSEjTSzU0yZcmvppztXe/5Al5fUwdg==
